
Microsoft Visual Studio Solution File, Format Version 12.00
# Visual Studio Version 17
VisualStudioVersion = 17.9.34902.65
MinimumVisualStudioVersion = 10.0.40219.1
Project("{8BC9CEB8-8B4A-11D0-8D11-00A0C91BC942}") = "PG3_KamataEngineNovice", "PG3_KamataEngineNovice\PG3_KamataEngineNovice.vcxproj", "{1A4A8924-94B6-4E17-9E96-5F4612504C4D}"
EndProject
Global
	GlobalSection(SolutionConfigurationPlatforms) = preSolution
		Debug|x64 = Debug|x64
		Release|x64 = Release|x64
	EndGlobalSection
	GlobalSection(ProjectConfigurationPlatforms) = postSolution
		{1A4A8924-94B6-4E17-9E96-5F4612504C4D}.Debug|x64.ActiveCfg = Debug|x64
		{1A4A8924-94B6-4E17-9E96-5F4612504C4D}.Debug|x64.Build.0 = Debug|x64
		{1A4A8924-94B6-4E17-9E96-5F4612504C4D}.Release|x64.ActiveCfg = Release|x64
		{1A4A8924-94B6-4E17-9E96-5F4612504C4D}.Release|x64.Build.0 = Release|x64
	EndGlobalSection
	GlobalSection(SolutionProperties) = preSolution
		HideSolutionNode = FALSE
	EndGlobalSection
	GlobalSection(ExtensibilityGlobals) = postSolution
		SolutionGuid = {681BE2E0-64B0-43AB-805B-2F128836734B}
	EndGlobalSection
EndGlobal
